PODS:
  - CWUtils (0.10.0):
    - RxCocoa
    - RxOptional
    - RxSwift
    - SnapKit
  - RxCocoa (4.3.1):
    - RxSwift (~> 4.0)
  - RxOptional (3.5.0):
    - RxCocoa (~> 4.0)
    - RxSwift (~> 4.0)
  - RxSwift (4.3.1)
  - SnapKit (4.0.1)

DEPENDENCIES:
  - CWUtils (from `../`)

SPEC REPOS:
  https://github.com/cocoapods/specs.git:
    - RxCocoa
    - RxOptional
    - RxSwift
    - SnapKit

EXTERNAL SOURCES:
  CWUtils:
    :path: "../"

SPEC CHECKSUMS:
  CWUtils: 3adc30d52d7e73d3f672763b44110ba68e08fc16
  RxCocoa: 78763c7b07d02455598d9fc3c1ad091a28b73635
  RxOptional: bd32ff8ca9df4177683d56ffeb618a9d4d5d5cad
  RxSwift: fe0fd770a43acdb7d0a53da411c9b892e69bb6e4
  SnapKit: 0de968a9fec17499afa29683b05d0c775b6d1c29

PODFILE CHECKSUM: 3efd53be67000cfd61f4f75c3fd6462db5cca021

COCOAPODS: 1.5.3
