PODS:
  - CWUtils (0.9.3):
    - RxCocoa
    - RxOptional
    - RxSwift
    - SnapKit
  - RxCocoa (4.2.0):
    - RxSwift (~> 4.0)
  - RxOptional (3.5.0):
    - RxCocoa (~> 4.0)
    - RxSwift (~> 4.0)
  - RxSwift (4.2.0)
  - SnapKit (4.0.0)

DEPENDENCIES:
  - CWUtils (from `../`)

SPEC REPOS:
  https://github.com/cocoapods/specs.git:
    - RxCocoa
    - RxOptional
    - RxSwift
    - SnapKit

EXTERNAL SOURCES:
  CWUtils:
    :path: "../"

SPEC CHECKSUMS:
  CWUtils: a56e46cc02c0a66b1eacfd98c0966ddd53ce9e1b
  RxCocoa: 0b54909c902e1e581212a03e690bbd94032d8baa
  RxOptional: bd32ff8ca9df4177683d56ffeb618a9d4d5d5cad
  RxSwift: 99e10317ddfcc7fbe01356aafd118fde4a0be104
  SnapKit: a42d492c16e80209130a3379f73596c3454b7694

PODFILE CHECKSUM: 3efd53be67000cfd61f4f75c3fd6462db5cca021

COCOAPODS: 1.5.3
